
Microsoft Visual Studio Solution File, Format Version 12.00
# Visual Studio Version 16
VisualStudioVersion = 16.0.31025.194
MinimumVisualStudioVersion = 10.0.40219.1
Project("{FAE04EC0-301F-11D3-BF4B-00C04F79EFBC}") = "PMDataManager", "PMDataManager\PMDataManager.csproj", "{F8686FC1-A649-4B33-9912-81E95846EEB3}"
EndProject
Project("{00D1A9C2-B5F0-4AF3-8072-F6C62B433612}") = "PMDatabase", "PMDatabase\PMDatabase.sqlproj", "{231DACC1-C759-47EC-B07E-34B43AE9BBC8}"
EndProject
Project("{FAE04EC0-301F-11D3-BF4B-00C04F79EFBC}") = "PMDesktopUI", "PMDesktopUI\PMDesktopUI.csproj", "{F9C9972E-AEE7-4283-98E5-B7FBCBB0AE55}"
EndProject
Project("{FAE04EC0-301F-11D3-BF4B-00C04F79EFBC}") = "PMDataManager.Library", "PMDataManager.Library\PMDataManager.Library.csproj", "{5E070622-C60C-4C12-B518-3D7173B564C6}"
EndProject
Project("{FAE04EC0-301F-11D3-BF4B-00C04F79EFBC}") = "PMDesktopUI.Library", "PMDesktopUI.Library\PMDesktopUI.Library.csproj", "{13B7773B-5CBD-48E3-A588-0F4B15AC6608}"
EndProject
Global
	GlobalSection(SolutionConfigurationPlatforms) = preSolution
		Debug|Any CPU = Debug|Any CPU
		Release|Any CPU = Release|Any CPU
	EndGlobalSection
	GlobalSection(ProjectConfigurationPlatforms) = postSolution
		{F8686FC1-A649-4B33-9912-81E95846EEB3}.Debug|Any CPU.ActiveCfg = Debug|Any CPU
		{F8686FC1-A649-4B33-9912-81E95846EEB3}.Debug|Any CPU.Build.0 = Debug|Any CPU
		{F8686FC1-A649-4B33-9912-81E95846EEB3}.Release|Any CPU.ActiveCfg = Release|Any CPU
		{F8686FC1-A649-4B33-9912-81E95846EEB3}.Release|Any CPU.Build.0 = Release|Any CPU
		{231DACC1-C759-47EC-B07E-34B43AE9BBC8}.Debug|Any CPU.ActiveCfg = Debug|Any CPU
		{231DACC1-C759-47EC-B07E-34B43AE9BBC8}.Debug|Any CPU.Build.0 = Debug|Any CPU
		{231DACC1-C759-47EC-B07E-34B43AE9BBC8}.Debug|Any CPU.Deploy.0 = Debug|Any CPU
		{231DACC1-C759-47EC-B07E-34B43AE9BBC8}.Release|Any CPU.ActiveCfg = Release|Any CPU
		{231DACC1-C759-47EC-B07E-34B43AE9BBC8}.Release|Any CPU.Build.0 = Release|Any CPU
		{231DACC1-C759-47EC-B07E-34B43AE9BBC8}.Release|Any CPU.Deploy.0 = Release|Any CPU
		{F9C9972E-AEE7-4283-98E5-B7FBCBB0AE55}.Debug|Any CPU.ActiveCfg = Debug|Any CPU
		{F9C9972E-AEE7-4283-98E5-B7FBCBB0AE55}.Debug|Any CPU.Build.0 = Debug|Any CPU
		{F9C9972E-AEE7-4283-98E5-B7FBCBB0AE55}.Release|Any CPU.ActiveCfg = Release|Any CPU
		{F9C9972E-AEE7-4283-98E5-B7FBCBB0AE55}.Release|Any CPU.Build.0 = Release|Any CPU
		{5E070622-C60C-4C12-B518-3D7173B564C6}.Debug|Any CPU.ActiveCfg = Debug|Any CPU
		{5E070622-C60C-4C12-B518-3D7173B564C6}.Debug|Any CPU.Build.0 = Debug|Any CPU
		{5E070622-C60C-4C12-B518-3D7173B564C6}.Release|Any CPU.ActiveCfg = Release|Any CPU
		{5E070622-C60C-4C12-B518-3D7173B564C6}.Release|Any CPU.Build.0 = Release|Any CPU
		{13B7773B-5CBD-48E3-A588-0F4B15AC6608}.Debug|Any CPU.ActiveCfg = Debug|Any CPU
		{13B7773B-5CBD-48E3-A588-0F4B15AC6608}.Debug|Any CPU.Build.0 = Debug|Any CPU
		{13B7773B-5CBD-48E3-A588-0F4B15AC6608}.Release|Any CPU.ActiveCfg = Release|Any CPU
		{13B7773B-5CBD-48E3-A588-0F4B15AC6608}.Release|Any CPU.Build.0 = Release|Any CPU
	EndGlobalSection
	GlobalSection(SolutionProperties) = preSolution
		HideSolutionNode = FALSE
	EndGlobalSection
	GlobalSection(ExtensibilityGlobals) = postSolution
		SolutionGuid = {14744727-70ED-445D-84FC-8C0647799D41}
	EndGlobalSection
EndGlobal
